
Microsoft Visual Studio Solution File, Format Version 12.00
# Visual Studio Version 16
VisualStudioVersion = 16.0.31205.134
MinimumVisualStudioVersion = 10.0.40219.1
Project("{FAE04EC0-301F-11D3-BF4B-00C04F79EFBC}") = "_teste", "_teste\_teste.csproj", "{1D7F5F51-6EA4-42CC-9A30-0C3CEC2DB5E5}"
EndProject
Global
	GlobalSection(SolutionConfigurationPlatforms) = preSolution
		Debug|Any CPU = Debug|Any CPU
		Release|Any CPU = Release|Any CPU
	EndGlobalSection
	GlobalSection(ProjectConfigurationPlatforms) = postSolution
		{1D7F5F51-6EA4-42CC-9A30-0C3CEC2DB5E5}.Debug|Any CPU.ActiveCfg = Debug|Any CPU
		{1D7F5F51-6EA4-42CC-9A30-0C3CEC2DB5E5}.Debug|Any CPU.Build.0 = Debug|Any CPU
		{1D7F5F51-6EA4-42CC-9A30-0C3CEC2DB5E5}.Release|Any CPU.ActiveCfg = Release|Any CPU
		{1D7F5F51-6EA4-42CC-9A30-0C3CEC2DB5E5}.Release|Any CPU.Build.0 = Release|Any CPU
	EndGlobalSection
	GlobalSection(SolutionProperties) = preSolution
		HideSolutionNode = FALSE
	EndGlobalSection
	GlobalSection(ExtensibilityGlobals) = postSolution
		SolutionGuid = {C95640D1-8172-4AE1-BDEA-07F106B80540}
	EndGlobalSection
EndGlobal
