
Microsoft Visual Studio Solution File, Format Version 12.00
# Visual Studio Version 16
VisualStudioVersion = 16.0.31205.134
MinimumVisualStudioVersion = 10.0.40219.1
Project("{FAE04EC0-301F-11D3-BF4B-00C04F79EFBC}") = "Desafio044", "Desafio044\Desafio044.csproj", "{2B141C39-A755-41C8-B73F-F0F2F562EF6A}"
EndProject
Global
	GlobalSection(SolutionConfigurationPlatforms) = preSolution
		Debug|Any CPU = Debug|Any CPU
		Release|Any CPU = Release|Any CPU
	EndGlobalSection
	GlobalSection(ProjectConfigurationPlatforms) = postSolution
		{2B141C39-A755-41C8-B73F-F0F2F562EF6A}.Debug|Any CPU.ActiveCfg = Debug|Any CPU
		{2B141C39-A755-41C8-B73F-F0F2F562EF6A}.Debug|Any CPU.Build.0 = Debug|Any CPU
		{2B141C39-A755-41C8-B73F-F0F2F562EF6A}.Release|Any CPU.ActiveCfg = Release|Any CPU
		{2B141C39-A755-41C8-B73F-F0F2F562EF6A}.Release|Any CPU.Build.0 = Release|Any CPU
	EndGlobalSection
	GlobalSection(SolutionProperties) = preSolution
		HideSolutionNode = FALSE
	EndGlobalSection
	GlobalSection(ExtensibilityGlobals) = postSolution
		SolutionGuid = {51F9BF87-6620-43B4-B02E-DF635DF60F11}
	EndGlobalSection
EndGlobal
