
Microsoft Visual Studio Solution File, Format Version 12.00
# Visual Studio Version 16
VisualStudioVersion = 16.0.31205.134
MinimumVisualStudioVersion = 10.0.40219.1
Project("{FAE04EC0-301F-11D3-BF4B-00C04F79EFBC}") = "ConversaoImplicitaECasting", "ConversaoImplicitaECasting\ConversaoImplicitaECasting.csproj", "{69AEC50B-711F-4700-80B7-F25EDBECDBDE}"
EndProject
Global
	GlobalSection(SolutionConfigurationPlatforms) = preSolution
		Debug|Any CPU = Debug|Any CPU
		Release|Any CPU = Release|Any CPU
	EndGlobalSection
	GlobalSection(ProjectConfigurationPlatforms) = postSolution
		{69AEC50B-711F-4700-80B7-F25EDBECDBDE}.Debug|Any CPU.ActiveCfg = Debug|Any CPU
		{69AEC50B-711F-4700-80B7-F25EDBECDBDE}.Debug|Any CPU.Build.0 = Debug|Any CPU
		{69AEC50B-711F-4700-80B7-F25EDBECDBDE}.Release|Any CPU.ActiveCfg = Release|Any CPU
		{69AEC50B-711F-4700-80B7-F25EDBECDBDE}.Release|Any CPU.Build.0 = Release|Any CPU
	EndGlobalSection
	GlobalSection(SolutionProperties) = preSolution
		HideSolutionNode = FALSE
	EndGlobalSection
	GlobalSection(ExtensibilityGlobals) = postSolution
		SolutionGuid = {ADD06CDB-2B8C-4B02-AE99-86682648F6D2}
	EndGlobalSection
EndGlobal
