
Microsoft Visual Studio Solution File, Format Version 12.00
# Visual Studio Version 16
VisualStudioVersion = 16.0.31205.134
MinimumVisualStudioVersion = 10.0.40219.1
Project("{FAE04EC0-301F-11D3-BF4B-00C04F79EFBC}") = "EntradaDeDadoscs01", "EntradaDeDadoscs01\EntradaDeDadoscs01.csproj", "{E40E1101-0DEF-458A-AACF-5EDE2ADE9768}"
EndProject
Global
	GlobalSection(SolutionConfigurationPlatforms) = preSolution
		Debug|Any CPU = Debug|Any CPU
		Release|Any CPU = Release|Any CPU
	EndGlobalSection
	GlobalSection(ProjectConfigurationPlatforms) = postSolution
		{E40E1101-0DEF-458A-AACF-5EDE2ADE9768}.Debug|Any CPU.ActiveCfg = Debug|Any CPU
		{E40E1101-0DEF-458A-AACF-5EDE2ADE9768}.Debug|Any CPU.Build.0 = Debug|Any CPU
		{E40E1101-0DEF-458A-AACF-5EDE2ADE9768}.Release|Any CPU.ActiveCfg = Release|Any CPU
		{E40E1101-0DEF-458A-AACF-5EDE2ADE9768}.Release|Any CPU.Build.0 = Release|Any CPU
	EndGlobalSection
	GlobalSection(SolutionProperties) = preSolution
		HideSolutionNode = FALSE
	EndGlobalSection
	GlobalSection(ExtensibilityGlobals) = postSolution
		SolutionGuid = {79C9EC60-5053-4484-AE1F-214D8DA174A4}
	EndGlobalSection
EndGlobal
