
Microsoft Visual Studio Solution File, Format Version 12.00
# Visual Studio Version 16
VisualStudioVersion = 16.0.31205.134
MinimumVisualStudioVersion = 10.0.40219.1
Project("{FAE04EC0-301F-11D3-BF4B-00C04F79EFBC}") = "Exercicios5EstruturaSequencial", "Exercicios5EstruturaSequencial\Exercicios5EstruturaSequencial.csproj", "{3E703081-0BE6-43C6-924F-0B7137273A37}"
EndProject
Global
	GlobalSection(SolutionConfigurationPlatforms) = preSolution
		Debug|Any CPU = Debug|Any CPU
		Release|Any CPU = Release|Any CPU
	EndGlobalSection
	GlobalSection(ProjectConfigurationPlatforms) = postSolution
		{3E703081-0BE6-43C6-924F-0B7137273A37}.Debug|Any CPU.ActiveCfg = Debug|Any CPU
		{3E703081-0BE6-43C6-924F-0B7137273A37}.Debug|Any CPU.Build.0 = Debug|Any CPU
		{3E703081-0BE6-43C6-924F-0B7137273A37}.Release|Any CPU.ActiveCfg = Release|Any CPU
		{3E703081-0BE6-43C6-924F-0B7137273A37}.Release|Any CPU.Build.0 = Release|Any CPU
	EndGlobalSection
	GlobalSection(SolutionProperties) = preSolution
		HideSolutionNode = FALSE
	EndGlobalSection
	GlobalSection(ExtensibilityGlobals) = postSolution
		SolutionGuid = {3796A02C-AAA5-4540-A5BE-8DD18CE2D85E}
	EndGlobalSection
EndGlobal
