
Microsoft Visual Studio Solution File, Format Version 12.00
# Visual Studio Version 16
VisualStudioVersion = 16.0.31205.134
MinimumVisualStudioVersion = 10.0.40219.1
Project("{FAE04EC0-301F-11D3-BF4B-00C04F79EFBC}") = "Exercicios2EstruturaSequencial", "Exercicios2EstruturaSequencial\Exercicios2EstruturaSequencial.csproj", "{5A2780CC-0D8C-4FF6-8CFA-9F386EE763A6}"
EndProject
Global
	GlobalSection(SolutionConfigurationPlatforms) = preSolution
		Debug|Any CPU = Debug|Any CPU
		Release|Any CPU = Release|Any CPU
	EndGlobalSection
	GlobalSection(ProjectConfigurationPlatforms) = postSolution
		{5A2780CC-0D8C-4FF6-8CFA-9F386EE763A6}.Debug|Any CPU.ActiveCfg = Debug|Any CPU
		{5A2780CC-0D8C-4FF6-8CFA-9F386EE763A6}.Debug|Any CPU.Build.0 = Debug|Any CPU
		{5A2780CC-0D8C-4FF6-8CFA-9F386EE763A6}.Release|Any CPU.ActiveCfg = Release|Any CPU
		{5A2780CC-0D8C-4FF6-8CFA-9F386EE763A6}.Release|Any CPU.Build.0 = Release|Any CPU
	EndGlobalSection
	GlobalSection(SolutionProperties) = preSolution
		HideSolutionNode = FALSE
	EndGlobalSection
	GlobalSection(ExtensibilityGlobals) = postSolution
		SolutionGuid = {51BDD339-6E2D-487C-91E4-C302543605C4}
	EndGlobalSection
EndGlobal
