
Microsoft Visual Studio Solution File, Format Version 12.00
# Visual Studio Version 16
VisualStudioVersion = 16.0.31205.134
MinimumVisualStudioVersion = 10.0.40219.1
Project("{FAE04EC0-301F-11D3-BF4B-00C04F79EFBC}") = "Distancia", "Distancia\Distancia.csproj", "{33CCE601-36E3-4678-98A7-0B8FAA309242}"
EndProject
Global
	GlobalSection(SolutionConfigurationPlatforms) = preSolution
		Debug|Any CPU = Debug|Any CPU
		Release|Any CPU = Release|Any CPU
	EndGlobalSection
	GlobalSection(ProjectConfigurationPlatforms) = postSolution
		{33CCE601-36E3-4678-98A7-0B8FAA309242}.Debug|Any CPU.ActiveCfg = Debug|Any CPU
		{33CCE601-36E3-4678-98A7-0B8FAA309242}.Debug|Any CPU.Build.0 = Debug|Any CPU
		{33CCE601-36E3-4678-98A7-0B8FAA309242}.Release|Any CPU.ActiveCfg = Release|Any CPU
		{33CCE601-36E3-4678-98A7-0B8FAA309242}.Release|Any CPU.Build.0 = Release|Any CPU
	EndGlobalSection
	GlobalSection(SolutionProperties) = preSolution
		HideSolutionNode = FALSE
	EndGlobalSection
	GlobalSection(ExtensibilityGlobals) = postSolution
		SolutionGuid = {D0EF3DCE-F081-423E-A741-C0C841A8CB22}
	EndGlobalSection
EndGlobal
