
Microsoft Visual Studio Solution File, Format Version 12.00
# Visual Studio Version 16
VisualStudioVersion = 16.0.31205.134
MinimumVisualStudioVersion = 10.0.40219.1
Project("{FAE04EC0-301F-11D3-BF4B-00C04F79EFBC}") = "Exercicios4EstruturaFor02", "Exercicios4EstruturaFor02\Exercicios4EstruturaFor02.csproj", "{7EE66408-07D0-4EDC-8815-BDC8F33EAF01}"
EndProject
Global
	GlobalSection(SolutionConfigurationPlatforms) = preSolution
		Debug|Any CPU = Debug|Any CPU
		Release|Any CPU = Release|Any CPU
	EndGlobalSection
	GlobalSection(ProjectConfigurationPlatforms) = postSolution
		{7EE66408-07D0-4EDC-8815-BDC8F33EAF01}.Debug|Any CPU.ActiveCfg = Debug|Any CPU
		{7EE66408-07D0-4EDC-8815-BDC8F33EAF01}.Debug|Any CPU.Build.0 = Debug|Any CPU
		{7EE66408-07D0-4EDC-8815-BDC8F33EAF01}.Release|Any CPU.ActiveCfg = Release|Any CPU
		{7EE66408-07D0-4EDC-8815-BDC8F33EAF01}.Release|Any CPU.Build.0 = Release|Any CPU
	EndGlobalSection
	GlobalSection(SolutionProperties) = preSolution
		HideSolutionNode = FALSE
	EndGlobalSection
	GlobalSection(ExtensibilityGlobals) = postSolution
		SolutionGuid = {B9BCB6F9-042F-4BA9-8743-095E97B27DD9}
	EndGlobalSection
EndGlobal
