
Microsoft Visual Studio Solution File, Format Version 12.00
# Visual Studio Version 16
VisualStudioVersion = 16.0.31205.134
MinimumVisualStudioVersion = 10.0.40219.1
Project("{FAE04EC0-301F-11D3-BF4B-00C04F79EFBC}") = "OperadoresLogicos", "OperadoresLogicos\OperadoresLogicos.csproj", "{40F3D757-C65F-49FF-9625-91606F18E241}"
EndProject
Global
	GlobalSection(SolutionConfigurationPlatforms) = preSolution
		Debug|Any CPU = Debug|Any CPU
		Release|Any CPU = Release|Any CPU
	EndGlobalSection
	GlobalSection(ProjectConfigurationPlatforms) = postSolution
		{40F3D757-C65F-49FF-9625-91606F18E241}.Debug|Any CPU.ActiveCfg = Debug|Any CPU
		{40F3D757-C65F-49FF-9625-91606F18E241}.Debug|Any CPU.Build.0 = Debug|Any CPU
		{40F3D757-C65F-49FF-9625-91606F18E241}.Release|Any CPU.ActiveCfg = Release|Any CPU
		{40F3D757-C65F-49FF-9625-91606F18E241}.Release|Any CPU.Build.0 = Release|Any CPU
	EndGlobalSection
	GlobalSection(SolutionProperties) = preSolution
		HideSolutionNode = FALSE
	EndGlobalSection
	GlobalSection(ExtensibilityGlobals) = postSolution
		SolutionGuid = {7E8CB68C-C7E8-4B45-BF11-DC3D77E6325F}
	EndGlobalSection
EndGlobal
