
Microsoft Visual Studio Solution File, Format Version 12.00
# Visual Studio Version 16
VisualStudioVersion = 16.0.31205.134
MinimumVisualStudioVersion = 10.0.40219.1
Project("{FAE04EC0-301F-11D3-BF4B-00C04F79EFBC}") = "PrimeiroProjeto", "PrimeiroProjeto\PrimeiroProjeto.csproj", "{0900265F-3569-4BD2-883F-379B2BED7AB3}"
EndProject
Global
	GlobalSection(SolutionConfigurationPlatforms) = preSolution
		Debug|Any CPU = Debug|Any CPU
		Release|Any CPU = Release|Any CPU
	EndGlobalSection
	GlobalSection(ProjectConfigurationPlatforms) = postSolution
		{0900265F-3569-4BD2-883F-379B2BED7AB3}.Debug|Any CPU.ActiveCfg = Debug|Any CPU
		{0900265F-3569-4BD2-883F-379B2BED7AB3}.Debug|Any CPU.Build.0 = Debug|Any CPU
		{0900265F-3569-4BD2-883F-379B2BED7AB3}.Release|Any CPU.ActiveCfg = Release|Any CPU
		{0900265F-3569-4BD2-883F-379B2BED7AB3}.Release|Any CPU.Build.0 = Release|Any CPU
	EndGlobalSection
	GlobalSection(SolutionProperties) = preSolution
		HideSolutionNode = FALSE
	EndGlobalSection
	GlobalSection(ExtensibilityGlobals) = postSolution
		SolutionGuid = {32F9C71C-362A-4E57-AA45-52AD4BE8AFE6}
	EndGlobalSection
EndGlobal
