
Microsoft Visual Studio Solution File, Format Version 12.00
# Visual Studio Version 16
VisualStudioVersion = 16.0.31205.134
MinimumVisualStudioVersion = 10.0.40219.1
Project("{FAE04EC0-301F-11D3-BF4B-00C04F79EFBC}") = "Exercicios1EstruturaCondicional", "Exercicios1EstruturaCondicional\Exercicios1EstruturaCondicional.csproj", "{68643E38-8630-4F5B-A03A-000C4E622B25}"
EndProject
Global
	GlobalSection(SolutionConfigurationPlatforms) = preSolution
		Debug|Any CPU = Debug|Any CPU
		Release|Any CPU = Release|Any CPU
	EndGlobalSection
	GlobalSection(ProjectConfigurationPlatforms) = postSolution
		{68643E38-8630-4F5B-A03A-000C4E622B25}.Debug|Any CPU.ActiveCfg = Debug|Any CPU
		{68643E38-8630-4F5B-A03A-000C4E622B25}.Debug|Any CPU.Build.0 = Debug|Any CPU
		{68643E38-8630-4F5B-A03A-000C4E622B25}.Release|Any CPU.ActiveCfg = Release|Any CPU
		{68643E38-8630-4F5B-A03A-000C4E622B25}.Release|Any CPU.Build.0 = Release|Any CPU
	EndGlobalSection
	GlobalSection(SolutionProperties) = preSolution
		HideSolutionNode = FALSE
	EndGlobalSection
	GlobalSection(ExtensibilityGlobals) = postSolution
		SolutionGuid = {61EBB8F6-9B7D-466D-A64B-094357427B8E}
	EndGlobalSection
EndGlobal
