
Microsoft Visual Studio Solution File, Format Version 12.00
# Visual Studio Version 16
VisualStudioVersion = 16.0.31205.134
MinimumVisualStudioVersion = 10.0.40219.1
Project("{FAE04EC0-301F-11D3-BF4B-00C04F79EFBC}") = "AnaliseCombinatoria", "AnaliseCombinatoria\AnaliseCombinatoria.csproj", "{D4F1FCD9-6BA7-4910-BD72-7EDE928DD91D}"
EndProject
Global
	GlobalSection(SolutionConfigurationPlatforms) = preSolution
		Debug|Any CPU = Debug|Any CPU
		Release|Any CPU = Release|Any CPU
	EndGlobalSection
	GlobalSection(ProjectConfigurationPlatforms) = postSolution
		{D4F1FCD9-6BA7-4910-BD72-7EDE928DD91D}.Debug|Any CPU.ActiveCfg = Debug|Any CPU
		{D4F1FCD9-6BA7-4910-BD72-7EDE928DD91D}.Debug|Any CPU.Build.0 = Debug|Any CPU
		{D4F1FCD9-6BA7-4910-BD72-7EDE928DD91D}.Release|Any CPU.ActiveCfg = Release|Any CPU
		{D4F1FCD9-6BA7-4910-BD72-7EDE928DD91D}.Release|Any CPU.Build.0 = Release|Any CPU
	EndGlobalSection
	GlobalSection(SolutionProperties) = preSolution
		HideSolutionNode = FALSE
	EndGlobalSection
	GlobalSection(ExtensibilityGlobals) = postSolution
		SolutionGuid = {BA901C85-1ACC-42F5-9A91-EF4F0410D2AC}
	EndGlobalSection
EndGlobal
